{
  "version": 4,
  "terraform_version": "1.4.2",
  "serial": 39,
  "lineage": "05bea257-d9e1-8245-e83a-abdf549331f7",
  "outputs": {},
  "resources": [
    {
      "module": "module.members",
      "mode": "managed",
      "type": "github_membership",
      "name": "membership_for_aj",
      "provider": "provider[\"registry.terraform.io/hashicorp/github\"]",
      "instances": [
        {
          "schema_version": 0,
          "attributes": {
            "etag": "W/\"28611566481e9a18c92fb9caa87b581215d8faf4d511a03544aadc6e85cd1221\"",
            "id": "GradientFlow-ai:antoniojcaporicci",
            "role": "member",
            "username": "antoniojcaporicci"
          },
          "sensitive_attributes": [],
          "private": "bnVsbA=="
        }
      ]
    },
    {
      "module": "module.members",
      "mode": "managed",
      "type": "github_membership",
      "name": "membership_for_christie",
      "provider": "provider[\"registry.terraform.io/hashicorp/github\"]",
      "instances": [
        {
          "schema_version": 0,
          "attributes": {
            "etag": "W/\"6c196b3612ad5b3dfde510abb1040d75d364c641072d77f5bbf6bf963f5bde09\"",
            "id": "GradientFlow-ai:aretoodeetoo",
            "role": "member",
            "username": "aretoodeetoo"
          },
          "sensitive_attributes": [],
          "private": "bnVsbA=="
        }
      ]
    },
    {
      "module": "module.members",
      "mode": "managed",
      "type": "github_membership",
      "name": "membership_for_tim",
      "provider": "provider[\"registry.terraform.io/hashicorp/github\"]",
      "instances": [
        {
          "schema_version": 0,
          "attributes": {
            "etag": "W/\"4c006de94fe6c2e94aaa904a1af49f55baa6c27e90bf15f59975d057d99f9479\"",
            "id": "GradientFlow-ai:coyotespike",
            "role": "admin",
            "username": "coyotespike"
          },
          "sensitive_attributes": [],
          "private": "bnVsbA=="
        }
      ]
    },
    {
      "module": "module.repos",
      "mode": "managed",
      "type": "github_repository",
      "name": "terraform",
      "provider": "provider[\"registry.terraform.io/hashicorp/github\"]",
      "instances": [
        {
          "schema_version": 1,
          "attributes": {
            "allow_auto_merge": false,
            "allow_merge_commit": true,
            "allow_rebase_merge": false,
            "allow_squash_merge": false,
            "allow_update_branch": false,
            "archive_on_destroy": null,
            "archived": false,
            "auto_init": null,
            "default_branch": "main",
            "delete_branch_on_merge": false,
            "description": "IaC for GradientFlow",
            "etag": "W/\"1574b77b73ed97f3cb24817530201f0703c03c6fc12c6cee7b1872e17bc5b4bc\"",
            "full_name": "GradientFlow-ai/terraform",
            "git_clone_url": "git://github.com/GradientFlow-ai/terraform.git",
            "gitignore_template": "Terraform",
            "has_discussions": false,
            "has_downloads": false,
            "has_issues": false,
            "has_projects": false,
            "has_wiki": false,
            "homepage_url": "",
            "html_url": "https://github.com/GradientFlow-ai/terraform",
            "http_clone_url": "https://github.com/GradientFlow-ai/terraform.git",
            "id": "terraform",
            "ignore_vulnerability_alerts_during_read": null,
            "is_template": false,
            "license_template": "mit",
            "merge_commit_message": "PR_TITLE",
            "merge_commit_title": "MERGE_MESSAGE",
            "name": "terraform",
            "node_id": "R_kgDOJOQLqw",
            "pages": [],
            "private": false,
            "repo_id": 618924971,
            "security_and_analysis": [
              {
                "advanced_security": [],
                "secret_scanning": [
                  {
                    "status": "disabled"
                  }
                ],
                "secret_scanning_push_protection": [
                  {
                    "status": "disabled"
                  }
                ]
              }
            ],
            "squash_merge_commit_message": "COMMIT_MESSAGES",
            "squash_merge_commit_title": "COMMIT_OR_PR_TITLE",
            "ssh_clone_url": "git@github.com:GradientFlow-ai/terraform.git",
            "svn_url": "https://github.com/GradientFlow-ai/terraform",
            "template": [],
            "topics": [
              "embeddings",
              "iac",
              "terraform"
            ],
            "visibility": "public",
            "vulnerability_alerts": false
          },
          "sensitive_attributes": [],
          "private": "eyJzY2hlbWFfdmVyc2lvbiI6IjEifQ=="
        }
      ]
    }
  ],
  "check_results": null
}
