{
  "version": 4,
  "terraform_version": "1.4.2",
  "serial": 180,
  "lineage": "05bea257-d9e1-8245-e83a-abdf549331f7",
  "outputs": {},
  "resources": [
    {
      "module": "module.members",
      "mode": "managed",
      "type": "github_membership",
      "name": "membership_for_aj",
      "provider": "provider[\"registry.terraform.io/integrations/github\"]",
      "instances": [
        {
          "schema_version": 0,
          "attributes": {
            "etag": "W/\"038b2c92ef7d57eeb5bb25fb61f99d068c1eb6694942a1f600afee1d3ae55783\"",
            "id": "GradientFlow-ai:antoniojcaporicci",
            "role": "member",
            "username": "antoniojcaporicci"
          },
          "sensitive_attributes": [],
          "private": "bnVsbA=="
        }
      ]
    },
    {
      "module": "module.members",
      "mode": "managed",
      "type": "github_membership",
      "name": "membership_for_christie",
      "provider": "provider[\"registry.terraform.io/integrations/github\"]",
      "instances": [
        {
          "schema_version": 0,
          "attributes": {
            "etag": "W/\"06228213ee247f183c018a6052c1b905af749b16e6dac8fbd110332ec914e752\"",
            "id": "GradientFlow-ai:aretoodeetoo",
            "role": "member",
            "username": "aretoodeetoo"
          },
          "sensitive_attributes": [],
          "private": "bnVsbA=="
        }
      ]
    },
    {
      "module": "module.members",
      "mode": "managed",
      "type": "github_membership",
      "name": "membership_for_tim",
      "provider": "provider[\"registry.terraform.io/integrations/github\"]",
      "instances": [
        {
          "schema_version": 0,
          "attributes": {
            "etag": "W/\"fc79b9b4d0a6cd80240202998e5abcf6b40e62aea8bcdf8c2485dbb537abfda0\"",
            "id": "GradientFlow-ai:coyotespike",
            "role": "admin",
            "username": "coyotespike"
          },
          "sensitive_attributes": [],
          "private": "bnVsbA=="
        }
      ]
    },
    {
      "module": "module.oidc_github",
      "mode": "data",
      "type": "aws_iam_policy_document",
      "name": "assume_role",
      "provider": "provider[\"registry.terraform.io/hashicorp/aws\"]",
      "instances": [
        {
          "index_key": 0,
          "schema_version": 0,
          "attributes": {
            "id": "3575176006",
            "json": "{\n  \"Version\": \"2012-10-17\",\n  \"Statement\": [\n    {\n      \"Sid\": \"\",\n      \"Effect\": \"Allow\",\n      \"Action\": \"sts:AssumeRoleWithWebIdentity\",\n      \"Principal\": {\n        \"Federated\": \"arn:aws:iam::207932680283:oidc-provider/token.actions.githubusercontent.com\"\n      },\n      \"Condition\": {\n        \"StringEquals\": {\n          \"token.actions.githubusercontent.com:aud\": \"sts.amazonaws.com\"\n        },\n        \"StringLike\": {\n          \"token.actions.githubusercontent.com:sub\": \"repo:GradientFlow-ai/terraform:*\"\n        }\n      }\n    }\n  ]\n}",
            "override_json": null,
            "override_policy_documents": null,
            "policy_id": null,
            "source_json": null,
            "source_policy_documents": null,
            "statement": [
              {
                "actions": [
                  "sts:AssumeRoleWithWebIdentity"
                ],
                "condition": [
                  {
                    "test": "StringEquals",
                    "values": [
                      "sts.amazonaws.com"
                    ],
                    "variable": "token.actions.githubusercontent.com:aud"
                  },
                  {
                    "test": "StringLike",
                    "values": [
                      "repo:GradientFlow-ai/terraform:*"
                    ],
                    "variable": "token.actions.githubusercontent.com:sub"
                  }
                ],
                "effect": "Allow",
                "not_actions": [],
                "not_principals": [],
                "not_resources": [],
                "principals": [
                  {
                    "identifiers": [
                      "arn:aws:iam::207932680283:oidc-provider/token.actions.githubusercontent.com"
                    ],
                    "type": "Federated"
                  }
                ],
                "resources": [],
                "sid": ""
              }
            ],
            "version": "2012-10-17"
          },
          "sensitive_attributes": []
        }
      ]
    },
    {
      "module": "module.oidc_github",
      "mode": "data",
      "type": "aws_partition",
      "name": "current",
      "provider": "provider[\"registry.terraform.io/hashicorp/aws\"]",
      "instances": [
        {
          "schema_version": 0,
          "attributes": {
            "dns_suffix": "amazonaws.com",
            "id": "aws",
            "partition": "aws",
            "reverse_dns_prefix": "com.amazonaws"
          },
          "sensitive_attributes": []
        }
      ]
    },
    {
      "module": "module.oidc_github",
      "mode": "data",
      "type": "tls_certificate",
      "name": "github",
      "provider": "provider[\"registry.terraform.io/hashicorp/tls\"]",
      "instances": [
        {
          "schema_version": 0,
          "attributes": {
            "certificates": [
              {
                "cert_pem": "-----BEGIN CERTIFICATE-----\nMIIE6jCCA9KgAwIBAgIQCjUI1VwpKwF9+K1lwA/35DANBgkqhkiG9w0BAQsFADBh\nMQswCQYDVQQGEwJVUzEVMBMGA1UEChMMRGlnaUNlcnQgSW5jMRkwFwYDVQQLExB3\nd3cuZGlnaWNlcnQuY29tMSAwHgYDVQQDExdEaWdpQ2VydCBHbG9iYWwgUm9vdCBD\nQTAeFw0yMDA5MjQwMDAwMDBaFw0zMDA5MjMyMzU5NTlaME8xCzAJBgNVBAYTAlVT\nMRUwEwYDVQQKEwxEaWdpQ2VydCBJbmMxKTAnBgNVBAMTIERpZ2lDZXJ0IFRMUyBS\nU0EgU0hBMjU2IDIwMjAgQ0ExMIIBIjANBgkqhkiG9w0BAQEFAAOCAQ8AMIIBCgKC\nAQEAwUuzZUdwvN1PWNvsnO3DZuUfMRNUrUpmRh8sCuxkB+Uu3Ny5CiDt3+PE0J6a\nqXodgojlEVbbHp9YwlHnLDQNLtKS4VbL8Xlfs7uHyiUDe5pSQWYQYE9XE0nw6Ddn\ng9/n00tnTCJRpt8OmRDtV1F0JuJ9x8piLhMbfyOIJVNvwTRYAIuE//i+p1hJInuW\nraKImxW8oHzf6VGo1bDtN+I2tIJLYrVJmuzHZ9bjPvXj1hJeRPG/cUJ9WIQDgLGB\nAfr5yjK7tI4nhyfFK3TUqNaX3sNk+crOU6JWvHgXjkkDKa77SU+kFbnO8lwZV21r\neacroicgE7XQPUDTITAHk+qZ9QIDAQABo4IBrjCCAaowHQYDVR0OBBYEFLdrouqo\nqoSMeeq02g+YssWVdrn0MB8GA1UdIwQYMBaAFAPeUDVW0Uy7ZvCj4hsbw5eyPdFV\nMA4GA1UdDwEB/wQEAwIBhjAdBgNVHSUEFjAUBggrBgEFBQcDAQYIKwYBBQUHAwIw\nEgYDVR0TAQH/BAgwBgEB/wIBADB2BggrBgEFBQcBAQRqMGgwJAYIKwYBBQUHMAGG\nGGh0dHA6Ly9vY3NwLmRpZ2ljZXJ0LmNvbTBABggrBgEFBQcwAoY0aHR0cDovL2Nh\nY2VydHMuZGlnaWNlcnQuY29tL0RpZ2lDZXJ0R2xvYmFsUm9vdENBLmNydDB7BgNV\nHR8EdDByMDegNaAzhjFodHRwOi8vY3JsMy5kaWdpY2VydC5jb20vRGlnaUNlcnRH\nbG9iYWxSb290Q0EuY3JsMDegNaAzhjFodHRwOi8vY3JsNC5kaWdpY2VydC5jb20v\nRGlnaUNlcnRHbG9iYWxSb290Q0EuY3JsMDAGA1UdIAQpMCcwBwYFZ4EMAQEwCAYG\nZ4EMAQIBMAgGBmeBDAECAjAIBgZngQwBAgMwDQYJKoZIhvcNAQELBQADggEBAHer\nt3onPa679n/gWlbJhKrKW3EX3SJH/E6f7tDBpATho+vFScH90cnfjK+URSxGKqNj\nOSD5nkoklEHIqdninFQFBstcHL4AGw+oWv8Zu2XHFq8hVt1hBcnpj5h232sb0HIM\nULkwKXq/YFkQZhM6LawVEWwtIwwCPgU7/uWhnOKK24fXSuhe50gG66sSmvKvhMNb\ng0qZgYOrAKHKCjxMoiWJKiKnpPMzTFuMLhoClw+dj20tlQj7T9rxkTgl4ZxuYRiH\nas6xuwAwapu3r9rxxZf+ingkquqTgLozZXq8oXfpf2kUCwA/d5KxTVtzhwoT0JzI\n8ks5T1KESaZMkE4f97Q=\n-----END CERTIFICATE-----\n",
                "is_ca": true,
                "issuer": "CN=DigiCert Global Root CA,OU=www.digicert.com,O=DigiCert Inc,C=US",
                "not_after": "2030-09-23T23:59:59Z",
                "not_before": "2020-09-24T00:00:00Z",
                "public_key_algorithm": "RSA",
                "serial_number": "13567650854749339296468135199911180260",
                "sha1_fingerprint": "6938fd4d98bab03faadb97b34396831e3780aea1",
                "signature_algorithm": "SHA256-RSA",
                "subject": "CN=DigiCert TLS RSA SHA256 2020 CA1,O=DigiCert Inc,C=US",
                "version": 3
              },
              {
                "cert_pem": "-----BEGIN CERTIFICATE-----\nMIIG8jCCBdqgAwIBAgIQCn5zvdee2Vg6XXlzFLM1XDANBgkqhkiG9w0BAQsFADBP\nMQswCQYDVQQGEwJVUzEVMBMGA1UEChMMRGlnaUNlcnQgSW5jMSkwJwYDVQQDEyBE\naWdpQ2VydCBUTFMgUlNBIFNIQTI1NiAyMDIwIENBMTAeFw0yMjExMDQwMDAwMDBa\nFw0yMzExMDcyMzU5NTlaMHsxCzAJBgNVBAYTAlVTMRMwEQYDVQQIEwpDYWxpZm9y\nbmlhMRYwFAYDVQQHEw1TYW4gRnJhbmNpc2NvMRUwEwYDVQQKEwxHaXRIdWIsIElu\nYy4xKDAmBgNVBAMMHyouYWN0aW9ucy5naXRodWJ1c2VyY29udGVudC5jb20wggEi\nMA0GCSqGSIb3DQEBAQUAA4IBDwAwggEKAoIBAQC94vT0wbk+S/Pr5WRRN7NA5dGS\n5aZv3ww34dnFTUiwf8DKYaAnR2TrV3OGDg7Sb7D/laMMhg2gzCyK45RIoqJI3bcN\nX2IPp36ewyyZczV76SD4/BXDqnO6SQ/wFIv4fCKS2jQjqNHG+HUtJNp0/sII4uLn\n2DyMgE06/vTXleTDxRGfTSgOLdLjjM3uftP3VO3hYUOEogmgFtRVl7ggkLgJ+ZWi\n0I9LO039/zsbnygpL+d5HhLBK3Tb4E11wCEen5582rohs1dhPS/Vu1zyXcGIW7n8\nbLV4acK+KyGEnRBbLp890hw+BABQf/C9Uo6F9t/jNtCnTTw+4rkzCY1M8/a1AgMB\nAAGjggOcMIIDmDAfBgNVHSMEGDAWgBS3a6LqqKqEjHnqtNoPmLLFlXa59DAdBgNV\nHQ4EFgQUQgJD/1vA//F/LF4NGvO+N9cN7mIwSQYDVR0RBEIwQIIfKi5hY3Rpb25z\nLmdpdGh1YnVzZXJjb250ZW50LmNvbYIdYWN0aW9ucy5naXRodWJ1c2VyY29udGVu\ndC5jb20wDgYDVR0PAQH/BAQDAgWgMB0GA1UdJQQWMBQGCCsGAQUFBwMBBggrBgEF\nBQcDAjCBjwYDVR0fBIGHMIGEMECgPqA8hjpodHRwOi8vY3JsMy5kaWdpY2VydC5j\nb20vRGlnaUNlcnRUTFNSU0FTSEEyNTYyMDIwQ0ExLTQuY3JsMECgPqA8hjpodHRw\nOi8vY3JsNC5kaWdpY2VydC5jb20vRGlnaUNlcnRUTFNSU0FTSEEyNTYyMDIwQ0Ex\nLTQuY3JsMD4GA1UdIAQ3MDUwMwYGZ4EMAQICMCkwJwYIKwYBBQUHAgEWG2h0dHA6\nLy93d3cuZGlnaWNlcnQuY29tL0NQUzB/BggrBgEFBQcBAQRzMHEwJAYIKwYBBQUH\nMAGGGGh0dHA6Ly9vY3NwLmRpZ2ljZXJ0LmNvbTBJBggrBgEFBQcwAoY9aHR0cDov\nL2NhY2VydHMuZGlnaWNlcnQuY29tL0RpZ2lDZXJ0VExTUlNBU0hBMjU2MjAyMENB\nMS0xLmNydDAJBgNVHRMEAjAAMIIBfAYKKwYBBAHWeQIEAgSCAWwEggFoAWYAdQDo\nPtDaPvUGNTLnVyi8iWvJA9PL0RFr7Otp4Xd9bQa9bgAAAYRErGRdAAAEAwBGMEQC\nHy+p/x51ZahWaQt+UfDcxTyJnRQaO7T/+X90x+3kkmYCIQC7IDygd0wCyBaYeGVc\nnH8Hj76j3logQZVyDAotBT1Y/QB2ALNzdwfhhFD4Y4bWBancEQlKeS2xZwwLh9zw\nAw55NqWaAAABhESsZIoAAAQDAEcwRQIhAMmnFDlLuSOA/UJ/TlIWcj3m8u3EXujf\njG5cfWIGXAs9AiAQnjXxxnebYM0IANOySg/+dHxDNVgGq/px8RvtxoPfZQB1ALc+\n+yTfnE26dfI5xbpY9Gxd/ELPep81xJ4dCYEl7bSZAAABhESsZEcAAAQDAEYwRAIg\nfOzkC+UGgdW08pfaBR18OGq4moGKK+j4/C93RFDev44CIDI0TxiDfya551M/N0pm\naQQNLr5t96xiFVY3aSMfv2qHMA0GCSqGSIb3DQEBCwUAA4IBAQA+duG+V4+gv9eT\nOA/ZSjU+6h29oS2i991HhjD2qDno3IksmGZqJ47cxSC2uJbf04LWcShVOslOp5e6\nlq+lxOEW+Cj65+Y+ORsp4sbSILVn8mj9+kfxTnEPD+A8Ii0YJoj98fc/u5UDM2B1\n00c6TPiKzUtYRBMoitFhAAB4H93d5illIHK2/RYZUPN3hMcDhv3GFxC0j40OBAUA\nuJ5ZrAXfh48ZtVq/qmjfCX7f0ntUcsm85S2oNKAaKqqlGuwjA7ye80O3WHKQLXXM\nevZ35QEWOlwhphLyHhUL6QFCuAe0wL2arESMXnxgaYE7Ka+SexxEiT5ZmdyrcFwg\nBL7FKjOM\n-----END CERTIFICATE-----\n",
                "is_ca": false,
                "issuer": "CN=DigiCert TLS RSA SHA256 2020 CA1,O=DigiCert Inc,C=US",
                "not_after": "2023-11-07T23:59:59Z",
                "not_before": "2022-11-04T00:00:00Z",
                "public_key_algorithm": "RSA",
                "serial_number": "13948856879982995920425685801082500444",
                "sha1_fingerprint": "f879abce0008e4eb126e0097e46620f5aaae26ad",
                "signature_algorithm": "SHA256-RSA",
                "subject": "CN=*.actions.githubusercontent.com,O=GitHub\\, Inc.,L=San Francisco,ST=California,C=US",
                "version": 3
              }
            ],
            "content": null,
            "id": "2f98b9dddcf0778622dc6788373a7f8c02e3a2c3",
            "url": "https://token.actions.githubusercontent.com/.well-known/openid-configuration",
            "verify_chain": true
          },
          "sensitive_attributes": []
        }
      ]
    },
    {
      "module": "module.oidc_github",
      "mode": "managed",
      "type": "aws_iam_openid_connect_provider",
      "name": "github",
      "provider": "provider[\"registry.terraform.io/hashicorp/aws\"]",
      "instances": [
        {
          "index_key": 0,
          "schema_version": 0,
          "attributes": {
            "arn": "arn:aws:iam::207932680283:oidc-provider/token.actions.githubusercontent.com",
            "client_id_list": [
              "https://github.com/GradientFlow-ai",
              "sts.amazonaws.com"
            ],
            "id": "arn:aws:iam::207932680283:oidc-provider/token.actions.githubusercontent.com",
            "tags": null,
            "tags_all": {},
            "thumbprint_list": [
              "6938fd4d98bab03faadb97b34396831e3780aea1"
            ],
            "url": "token.actions.githubusercontent.com"
          },
          "sensitive_attributes": [],
          "private": "bnVsbA==",
          "dependencies": [
            "module.oidc_github.data.tls_certificate.github"
          ]
        }
      ]
    },
    {
      "module": "module.oidc_github",
      "mode": "managed",
      "type": "aws_iam_role",
      "name": "github",
      "provider": "provider[\"registry.terraform.io/hashicorp/aws\"]",
      "instances": [
        {
          "index_key": 0,
          "schema_version": 0,
          "attributes": {
            "arn": "arn:aws:iam::207932680283:role/github",
            "assume_role_policy": "{\"Statement\":[{\"Action\":\"sts:AssumeRoleWithWebIdentity\",\"Condition\":{\"StringEquals\":{\"token.actions.githubusercontent.com:aud\":\"sts.amazonaws.com\"},\"StringLike\":{\"token.actions.githubusercontent.com:sub\":\"repo:GradientFlow-ai/terraform:*\"}},\"Effect\":\"Allow\",\"Principal\":{\"Federated\":\"arn:aws:iam::207932680283:oidc-provider/token.actions.githubusercontent.com\"},\"Sid\":\"\"}],\"Version\":\"2012-10-17\"}",
            "create_date": "2023-03-31T05:04:02Z",
            "description": "Role assumed by the GitHub OIDC provider.",
            "force_detach_policies": false,
            "id": "github",
            "inline_policy": [],
            "managed_policy_arns": [],
            "max_session_duration": 3600,
            "name": "github",
            "name_prefix": "",
            "path": "/",
            "permissions_boundary": "",
            "tags": null,
            "tags_all": {},
            "unique_id": "AROATA2OA5BNW7Y6TXTTJ"
          },
          "sensitive_attributes": [],
          "private": "bnVsbA==",
          "dependencies": [
            "module.oidc_github.aws_iam_openid_connect_provider.github",
            "module.oidc_github.data.aws_iam_openid_connect_provider.github",
            "module.oidc_github.data.aws_iam_policy_document.assume_role",
            "module.oidc_github.data.tls_certificate.github"
          ]
        }
      ]
    },
    {
      "module": "module.oidc_github",
      "mode": "managed",
      "type": "aws_iam_role_policy_attachment",
      "name": "read_only",
      "provider": "provider[\"registry.terraform.io/hashicorp/aws\"]",
      "instances": [
        {
          "index_key": 0,
          "schema_version": 0,
          "attributes": {
            "id": "github-20230331050402561600000001",
            "policy_arn": "arn:aws:iam::aws:policy/ReadOnlyAccess",
            "role": "github"
          },
          "sensitive_attributes": [],
          "private": "bnVsbA==",
          "dependencies": [
            "module.oidc_github.aws_iam_openid_connect_provider.github",
            "module.oidc_github.aws_iam_role.github",
            "module.oidc_github.data.aws_iam_openid_connect_provider.github",
            "module.oidc_github.data.aws_iam_policy_document.assume_role",
            "module.oidc_github.data.aws_partition.current",
            "module.oidc_github.data.tls_certificate.github"
          ]
        }
      ]
    },
    {
      "module": "module.repos",
      "mode": "managed",
      "type": "github_branch_protection",
      "name": "eaas",
      "provider": "provider[\"registry.terraform.io/integrations/github\"]",
      "instances": [
        {
          "schema_version": 1,
          "attributes": {
            "allows_deletions": false,
            "allows_force_pushes": false,
            "blocks_creations": false,
            "enforce_admins": true,
            "id": "BPR_kwDOI7EyTc4CIwZR",
            "lock_branch": false,
            "pattern": "main",
            "push_restrictions": [],
            "repository_id": "eaas",
            "require_conversation_resolution": false,
            "require_signed_commits": false,
            "required_linear_history": false,
            "required_pull_request_reviews": [
              {
                "dismiss_stale_reviews": true,
                "dismissal_restrictions": [],
                "pull_request_bypassers": [
                  "/coyotespike"
                ],
                "require_code_owner_reviews": false,
                "require_last_push_approval": false,
                "required_approving_review_count": 1,
                "restrict_dismissals": false
              }
            ],
            "required_status_checks": []
          },
          "sensitive_attributes": [],
          "private": "eyJzY2hlbWFfdmVyc2lvbiI6IjEifQ==",
          "dependencies": [
            "module.repos.github_repository.eaas"
          ]
        }
      ]
    },
    {
      "module": "module.repos",
      "mode": "managed",
      "type": "github_branch_protection",
      "name": "embeddings_api",
      "provider": "provider[\"registry.terraform.io/integrations/github\"]",
      "instances": [
        {
          "schema_version": 1,
          "attributes": {
            "allows_deletions": false,
            "allows_force_pushes": false,
            "blocks_creations": false,
            "enforce_admins": true,
            "id": "BPR_kwDOI-ZWE84CIwg4",
            "lock_branch": false,
            "pattern": "main",
            "push_restrictions": [],
            "repository_id": "embeddings_api",
            "require_conversation_resolution": false,
            "require_signed_commits": false,
            "required_linear_history": false,
            "required_pull_request_reviews": [
              {
                "dismiss_stale_reviews": true,
                "dismissal_restrictions": [],
                "pull_request_bypassers": [
                  "/coyotespike"
                ],
                "require_code_owner_reviews": false,
                "require_last_push_approval": false,
                "required_approving_review_count": 1,
                "restrict_dismissals": false
              }
            ],
            "required_status_checks": []
          },
          "sensitive_attributes": [],
          "private": "eyJzY2hlbWFfdmVyc2lvbiI6IjEifQ==",
          "dependencies": [
            "module.repos.github_repository.embeddings_api"
          ]
        }
      ]
    },
    {
      "module": "module.repos",
      "mode": "managed",
      "type": "github_branch_protection",
      "name": "fast-api-ocean",
      "provider": "provider[\"registry.terraform.io/integrations/github\"]",
      "instances": [
        {
          "schema_version": 1,
          "attributes": {
            "allows_deletions": false,
            "allows_force_pushes": false,
            "blocks_creations": false,
            "enforce_admins": true,
            "id": "BPR_kwDOI96H_s4CIwg3",
            "lock_branch": false,
            "pattern": "main",
            "push_restrictions": [],
            "repository_id": "fast-api-ocean",
            "require_conversation_resolution": false,
            "require_signed_commits": false,
            "required_linear_history": false,
            "required_pull_request_reviews": [
              {
                "dismiss_stale_reviews": true,
                "dismissal_restrictions": [],
                "pull_request_bypassers": [
                  "/coyotespike"
                ],
                "require_code_owner_reviews": false,
                "require_last_push_approval": false,
                "required_approving_review_count": 1,
                "restrict_dismissals": false
              }
            ],
            "required_status_checks": []
          },
          "sensitive_attributes": [],
          "private": "eyJzY2hlbWFfdmVyc2lvbiI6IjEifQ==",
          "dependencies": [
            "module.repos.github_repository.fast-api-ocean"
          ]
        }
      ]
    },
    {
      "module": "module.repos",
      "mode": "managed",
      "type": "github_branch_protection",
      "name": "terraform",
      "provider": "provider[\"registry.terraform.io/integrations/github\"]",
      "instances": [
        {
          "schema_version": 1,
          "attributes": {
            "allows_deletions": false,
            "allows_force_pushes": false,
            "blocks_creations": false,
            "enforce_admins": true,
            "id": "BPR_kwDOJOQLq84CIuzn",
            "lock_branch": false,
            "pattern": "main",
            "push_restrictions": [],
            "repository_id": "terraform",
            "require_conversation_resolution": false,
            "require_signed_commits": false,
            "required_linear_history": false,
            "required_pull_request_reviews": [
              {
                "dismiss_stale_reviews": true,
                "dismissal_restrictions": [],
                "pull_request_bypassers": [
                  "/coyotespike"
                ],
                "require_code_owner_reviews": false,
                "require_last_push_approval": false,
                "required_approving_review_count": 1,
                "restrict_dismissals": false
              }
            ],
            "required_status_checks": [
              {
                "contexts": [
                  "Check file formatting",
                  "Validate terraform"
                ],
                "strict": false
              }
            ]
          },
          "sensitive_attributes": [],
          "private": "eyJzY2hlbWFfdmVyc2lvbiI6IjEifQ==",
          "dependencies": [
            "module.repos.github_repository.terraform"
          ]
        }
      ]
    },
    {
      "module": "module.repos",
      "mode": "managed",
      "type": "github_repository",
      "name": "eaas",
      "provider": "provider[\"registry.terraform.io/integrations/github\"]",
      "instances": [
        {
          "schema_version": 1,
          "attributes": {
            "allow_auto_merge": false,
            "allow_merge_commit": true,
            "allow_rebase_merge": false,
            "allow_squash_merge": false,
            "allow_update_branch": false,
            "archive_on_destroy": null,
            "archived": false,
            "auto_init": false,
            "default_branch": "main",
            "delete_branch_on_merge": false,
            "description": "NextJS-based frontend",
            "etag": "W/\"5ac15b346f05f40f04610638bb08392872a8a10ffa2cb798d776086008bee8cd\"",
            "full_name": "GradientFlow-ai/eaas",
            "git_clone_url": "git://github.com/GradientFlow-ai/eaas.git",
            "gitignore_template": null,
            "has_discussions": false,
            "has_downloads": false,
            "has_issues": true,
            "has_projects": true,
            "has_wiki": true,
            "homepage_url": "",
            "html_url": "https://github.com/GradientFlow-ai/eaas",
            "http_clone_url": "https://github.com/GradientFlow-ai/eaas.git",
            "id": "eaas",
            "ignore_vulnerability_alerts_during_read": null,
            "is_template": false,
            "license_template": null,
            "merge_commit_message": "PR_TITLE",
            "merge_commit_title": "MERGE_MESSAGE",
            "name": "eaas",
            "node_id": "R_kgDOI7EyTQ",
            "pages": [],
            "private": false,
            "repo_id": 598815309,
            "security_and_analysis": [
              {
                "advanced_security": [],
                "secret_scanning": [
                  {
                    "status": "disabled"
                  }
                ],
                "secret_scanning_push_protection": [
                  {
                    "status": "disabled"
                  }
                ]
              }
            ],
            "squash_merge_commit_message": "COMMIT_MESSAGES",
            "squash_merge_commit_title": "COMMIT_OR_PR_TITLE",
            "ssh_clone_url": "git@github.com:GradientFlow-ai/eaas.git",
            "svn_url": "https://github.com/GradientFlow-ai/eaas",
            "template": [],
            "topics": [
              "embeddings",
              "nextjs",
              "vercel"
            ],
            "visibility": "public",
            "vulnerability_alerts": false
          },
          "sensitive_attributes": [],
          "private": "eyJzY2hlbWFfdmVyc2lvbiI6IjEifQ=="
        }
      ]
    },
    {
      "module": "module.repos",
      "mode": "managed",
      "type": "github_repository",
      "name": "embeddings_api",
      "provider": "provider[\"registry.terraform.io/integrations/github\"]",
      "instances": [
        {
          "schema_version": 1,
          "attributes": {
            "allow_auto_merge": false,
            "allow_merge_commit": true,
            "allow_rebase_merge": false,
            "allow_squash_merge": false,
            "allow_update_branch": false,
            "archive_on_destroy": null,
            "archived": false,
            "auto_init": false,
            "default_branch": "main",
            "delete_branch_on_merge": false,
            "description": "Docker-based visualizations api running on DigitalOcean",
            "etag": "W/\"4526e91a2174fb073defa56bec67dbd6b10aab715d88b398ccb7a354141044c2\"",
            "full_name": "GradientFlow-ai/embeddings_api",
            "git_clone_url": "git://github.com/GradientFlow-ai/embeddings_api.git",
            "gitignore_template": null,
            "has_discussions": false,
            "has_downloads": false,
            "has_issues": true,
            "has_projects": true,
            "has_wiki": false,
            "homepage_url": "",
            "html_url": "https://github.com/GradientFlow-ai/embeddings_api",
            "http_clone_url": "https://github.com/GradientFlow-ai/embeddings_api.git",
            "id": "embeddings_api",
            "ignore_vulnerability_alerts_during_read": null,
            "is_template": false,
            "license_template": null,
            "merge_commit_message": "PR_TITLE",
            "merge_commit_title": "MERGE_MESSAGE",
            "name": "embeddings_api",
            "node_id": "R_kgDOI-ZWEw",
            "pages": [],
            "private": false,
            "repo_id": 602297875,
            "security_and_analysis": [
              {
                "advanced_security": [],
                "secret_scanning": [
                  {
                    "status": "disabled"
                  }
                ],
                "secret_scanning_push_protection": [
                  {
                    "status": "disabled"
                  }
                ]
              }
            ],
            "squash_merge_commit_message": "COMMIT_MESSAGES",
            "squash_merge_commit_title": "COMMIT_OR_PR_TITLE",
            "ssh_clone_url": "git@github.com:GradientFlow-ai/embeddings_api.git",
            "svn_url": "https://github.com/GradientFlow-ai/embeddings_api",
            "template": [],
            "topics": [
              "digitalocean",
              "embeddings",
              "visualizations"
            ],
            "visibility": "public",
            "vulnerability_alerts": false
          },
          "sensitive_attributes": [],
          "private": "eyJzY2hlbWFfdmVyc2lvbiI6IjEifQ=="
        }
      ]
    },
    {
      "module": "module.repos",
      "mode": "managed",
      "type": "github_repository",
      "name": "fast-api-ocean",
      "provider": "provider[\"registry.terraform.io/integrations/github\"]",
      "instances": [
        {
          "schema_version": 1,
          "attributes": {
            "allow_auto_merge": false,
            "allow_merge_commit": true,
            "allow_rebase_merge": false,
            "allow_squash_merge": false,
            "allow_update_branch": false,
            "archive_on_destroy": null,
            "archived": false,
            "auto_init": false,
            "default_branch": "main",
            "delete_branch_on_merge": false,
            "description": "Docker-based visualizations api running on DigitalOcean",
            "etag": "W/\"c30327fc8a8ea764be7bd0b4072ecbdbf93e35caf27f4d2f8cd932204d21de12\"",
            "full_name": "GradientFlow-ai/fast-api-ocean",
            "git_clone_url": "git://github.com/GradientFlow-ai/fast-api-ocean.git",
            "gitignore_template": null,
            "has_discussions": false,
            "has_downloads": false,
            "has_issues": true,
            "has_projects": true,
            "has_wiki": false,
            "homepage_url": "",
            "html_url": "https://github.com/GradientFlow-ai/fast-api-ocean",
            "http_clone_url": "https://github.com/GradientFlow-ai/fast-api-ocean.git",
            "id": "fast-api-ocean",
            "ignore_vulnerability_alerts_during_read": null,
            "is_template": false,
            "license_template": null,
            "merge_commit_message": "PR_TITLE",
            "merge_commit_title": "MERGE_MESSAGE",
            "name": "fast-api-ocean",
            "node_id": "R_kgDOI96H_g",
            "pages": [],
            "private": false,
            "repo_id": 601786366,
            "security_and_analysis": [
              {
                "advanced_security": [],
                "secret_scanning": [
                  {
                    "status": "disabled"
                  }
                ],
                "secret_scanning_push_protection": [
                  {
                    "status": "disabled"
                  }
                ]
              }
            ],
            "squash_merge_commit_message": "COMMIT_MESSAGES",
            "squash_merge_commit_title": "COMMIT_OR_PR_TITLE",
            "ssh_clone_url": "git@github.com:GradientFlow-ai/fast-api-ocean.git",
            "svn_url": "https://github.com/GradientFlow-ai/fast-api-ocean",
            "template": [],
            "topics": [
              "digitalocean",
              "embeddings",
              "visualizations"
            ],
            "visibility": "public",
            "vulnerability_alerts": false
          },
          "sensitive_attributes": [],
          "private": "eyJzY2hlbWFfdmVyc2lvbiI6IjEifQ=="
        }
      ]
    },
    {
      "module": "module.repos",
      "mode": "managed",
      "type": "github_repository",
      "name": "terraform",
      "provider": "provider[\"registry.terraform.io/integrations/github\"]",
      "instances": [
        {
          "schema_version": 1,
          "attributes": {
            "allow_auto_merge": false,
            "allow_merge_commit": true,
            "allow_rebase_merge": false,
            "allow_squash_merge": false,
            "allow_update_branch": false,
            "archive_on_destroy": null,
            "archived": false,
            "auto_init": false,
            "default_branch": "main",
            "delete_branch_on_merge": false,
            "description": "IaC for GradientFlow",
            "etag": "W/\"7183154f191b4d1e9f89162f06df5319253c2162a99c9133534f7ba05e918c33\"",
            "full_name": "GradientFlow-ai/terraform",
            "git_clone_url": "git://github.com/GradientFlow-ai/terraform.git",
            "gitignore_template": "Terraform",
            "has_discussions": false,
            "has_downloads": false,
            "has_issues": true,
            "has_projects": true,
            "has_wiki": false,
            "homepage_url": "",
            "html_url": "https://github.com/GradientFlow-ai/terraform",
            "http_clone_url": "https://github.com/GradientFlow-ai/terraform.git",
            "id": "terraform",
            "ignore_vulnerability_alerts_during_read": null,
            "is_template": false,
            "license_template": "mit",
            "merge_commit_message": "PR_TITLE",
            "merge_commit_title": "MERGE_MESSAGE",
            "name": "terraform",
            "node_id": "R_kgDOJOQLqw",
            "pages": [],
            "private": false,
            "repo_id": 618924971,
            "security_and_analysis": [
              {
                "advanced_security": [],
                "secret_scanning": [
                  {
                    "status": "disabled"
                  }
                ],
                "secret_scanning_push_protection": [
                  {
                    "status": "disabled"
                  }
                ]
              }
            ],
            "squash_merge_commit_message": "COMMIT_MESSAGES",
            "squash_merge_commit_title": "COMMIT_OR_PR_TITLE",
            "ssh_clone_url": "git@github.com:GradientFlow-ai/terraform.git",
            "svn_url": "https://github.com/GradientFlow-ai/terraform",
            "template": [],
            "topics": [
              "embeddings",
              "iac",
              "terraform"
            ],
            "visibility": "public",
            "vulnerability_alerts": false
          },
          "sensitive_attributes": [],
          "private": "eyJzY2hlbWFfdmVyc2lvbiI6IjEifQ=="
        }
      ]
    },
    {
      "module": "module.roles",
      "mode": "managed",
      "type": "aws_iam_role",
      "name": "s3",
      "provider": "provider[\"registry.terraform.io/hashicorp/aws\"]",
      "instances": [
        {
          "schema_version": 0,
          "attributes": {
            "arn": "arn:aws:iam::207932680283:role/s3_gh_role",
            "assume_role_policy": "{\"Statement\":[{\"Action\":\"sts:AssumeRole\",\"Effect\":\"Allow\",\"Principal\":{\"AWS\":\"arn:aws:iam::207932680283:user/gh_runner\"}}],\"Version\":\"2012-10-17\"}",
            "create_date": "2023-03-31T02:50:14Z",
            "description": "",
            "force_detach_policies": false,
            "id": "s3_gh_role",
            "inline_policy": [
              {
                "name": "s3_gh_policy",
                "policy": "{\"Version\":\"2012-10-17\",\"Statement\":[{\"Action\":[\"s3:*\"],\"Effect\":\"Allow\",\"Resource\":\"*\"}]}"
              }
            ],
            "managed_policy_arns": [],
            "max_session_duration": 3600,
            "name": "s3_gh_role",
            "name_prefix": "",
            "path": "/",
            "permissions_boundary": null,
            "tags": {},
            "tags_all": {},
            "unique_id": "AROATA2OA5BNV34DI4ELE"
          },
          "sensitive_attributes": [],
          "private": "bnVsbA==",
          "dependencies": [
            "module.roles.aws_iam_user.gh_runner"
          ]
        }
      ]
    },
    {
      "module": "module.roles",
      "mode": "managed",
      "type": "aws_iam_role_policy",
      "name": "s3",
      "provider": "provider[\"registry.terraform.io/hashicorp/aws\"]",
      "instances": [
        {
          "schema_version": 0,
          "attributes": {
            "id": "s3_gh_role:s3_gh_policy",
            "name": "s3_gh_policy",
            "name_prefix": null,
            "policy": "{\"Version\":\"2012-10-17\",\"Statement\":[{\"Action\":[\"s3:*\"],\"Effect\":\"Allow\",\"Resource\":\"*\"}]}",
            "role": "s3_gh_role"
          },
          "sensitive_attributes": [],
          "private": "bnVsbA==",
          "dependencies": [
            "module.roles.aws_iam_role.s3",
            "module.roles.aws_iam_user.gh_runner"
          ]
        }
      ]
    },
    {
      "module": "module.roles",
      "mode": "managed",
      "type": "aws_iam_user",
      "name": "gh_runner",
      "provider": "provider[\"registry.terraform.io/hashicorp/aws\"]",
      "instances": [
        {
          "schema_version": 0,
          "attributes": {
            "arn": "arn:aws:iam::207932680283:user/gh_runner",
            "force_destroy": false,
            "id": "gh_runner",
            "name": "gh_runner",
            "path": "/",
            "permissions_boundary": null,
            "tags": {},
            "tags_all": {},
            "unique_id": "AIDATA2OA5BNWB2EFM6F3"
          },
          "sensitive_attributes": [],
          "private": "bnVsbA=="
        }
      ]
    },
    {
      "module": "module.roles",
      "mode": "managed",
      "type": "aws_iam_user_policy",
      "name": "gh_runner_policy",
      "provider": "provider[\"registry.terraform.io/hashicorp/aws\"]",
      "instances": [
        {
          "schema_version": 0,
          "attributes": {
            "id": "gh_runner:gh_runner_policy",
            "name": "gh_runner_policy",
            "name_prefix": null,
            "policy": "{\"Version\":\"2012-10-17\",\"Statement\":[{\"Action\":\"sts:AssumeRole\",\"Effect\":\"Allow\",\"Resource\":\"arn:aws:iam::207932680283:role/s3_gh_role\"}]}",
            "user": "gh_runner"
          },
          "sensitive_attributes": [],
          "private": "bnVsbA==",
          "dependencies": [
            "module.roles.aws_iam_role.s3",
            "module.roles.aws_iam_user.gh_runner"
          ]
        }
      ]
    },
    {
      "module": "module.s3",
      "mode": "managed",
      "type": "aws_s3_bucket",
      "name": "GradientFlowai-parquet-files2",
      "provider": "provider[\"registry.terraform.io/hashicorp/aws\"]",
      "instances": [
        {
          "schema_version": 0,
          "attributes": {
            "acceleration_status": "",
            "acl": null,
            "arn": "arn:aws:s3:::gradientflow-parquet-files",
            "bucket": "gradientflow-parquet-files",
            "bucket_domain_name": "gradientflow-parquet-files.s3.amazonaws.com",
            "bucket_prefix": null,
            "bucket_regional_domain_name": "gradientflow-parquet-files.s3.us-west-1.amazonaws.com",
            "cors_rule": [],
            "force_destroy": false,
            "grant": [
              {
                "id": "",
                "permissions": [
                  "READ"
                ],
                "type": "Group",
                "uri": "http://acs.amazonaws.com/groups/global/AllUsers"
              },
              {
                "id": "cdf04fefee8fe8b3f3ee29a6e6fae4e8712b32c3882435140df1a45bcc1e6dab",
                "permissions": [
                  "FULL_CONTROL"
                ],
                "type": "CanonicalUser",
                "uri": ""
              }
            ],
            "hosted_zone_id": "Z2F56UZL2M1ACD",
            "id": "gradientflow-parquet-files",
            "lifecycle_rule": [],
            "logging": [],
            "object_lock_configuration": [],
            "object_lock_enabled": false,
            "policy": "",
            "region": "us-west-1",
            "replication_configuration": [],
            "request_payer": "BucketOwner",
            "server_side_encryption_configuration": [
              {
                "rule": [
                  {
                    "apply_server_side_encryption_by_default": [
                      {
                        "kms_master_key_id": "",
                        "sse_algorithm": "AES256"
                      }
                    ],
                    "bucket_key_enabled": false
                  }
                ]
              }
            ],
            "tags": {},
            "tags_all": {},
            "timeouts": null,
            "versioning": [
              {
                "enabled": true,
                "mfa_delete": false
              }
            ],
            "website": [],
            "website_domain": null,
            "website_endpoint": null
          },
          "sensitive_attributes": [],
          "private": "eyJlMmJmYjczMC1lY2FhLTExZTYtOGY4OC0zNDM2M2JjN2M0YzAiOnsiY3JlYXRlIjoxMjAwMDAwMDAwMDAwLCJkZWxldGUiOjM2MDAwMDAwMDAwMDAsInJlYWQiOjEyMDAwMDAwMDAwMDAsInVwZGF0ZSI6MTIwMDAwMDAwMDAwMH19"
        }
      ]
    },
    {
      "module": "module.s3",
      "mode": "managed",
      "type": "aws_s3_bucket_acl",
      "name": "parquet-acl",
      "provider": "provider[\"registry.terraform.io/hashicorp/aws\"]",
      "instances": [
        {
          "schema_version": 0,
          "attributes": {
            "access_control_policy": [
              {
                "grant": [
                  {
                    "grantee": [
                      {
                        "display_name": "",
                        "email_address": "",
                        "id": "",
                        "type": "Group",
                        "uri": "http://acs.amazonaws.com/groups/global/AllUsers"
                      }
                    ],
                    "permission": "READ"
                  },
                  {
                    "grantee": [
                      {
                        "display_name": "timothyroy",
                        "email_address": "",
                        "id": "cdf04fefee8fe8b3f3ee29a6e6fae4e8712b32c3882435140df1a45bcc1e6dab",
                        "type": "CanonicalUser",
                        "uri": ""
                      }
                    ],
                    "permission": "FULL_CONTROL"
                  }
                ],
                "owner": [
                  {
                    "display_name": "timothyroy",
                    "id": "cdf04fefee8fe8b3f3ee29a6e6fae4e8712b32c3882435140df1a45bcc1e6dab"
                  }
                ]
              }
            ],
            "acl": "public-read",
            "bucket": "gradientflow-parquet-files",
            "expected_bucket_owner": "",
            "id": "gradientflow-parquet-files,public-read"
          },
          "sensitive_attributes": [],
          "private": "bnVsbA==",
          "dependencies": [
            "module.s3.aws_s3_bucket.GradientFlowai-parquet-files2"
          ]
        }
      ]
    },
    {
      "module": "module.s3",
      "mode": "managed",
      "type": "aws_s3_bucket_versioning",
      "name": "versioning_parquet_files",
      "provider": "provider[\"registry.terraform.io/hashicorp/aws\"]",
      "instances": [
        {
          "schema_version": 0,
          "attributes": {
            "bucket": "gradientflow-parquet-files",
            "expected_bucket_owner": "",
            "id": "gradientflow-parquet-files",
            "mfa": null,
            "versioning_configuration": [
              {
                "mfa_delete": "",
                "status": "Enabled"
              }
            ]
          },
          "sensitive_attributes": [],
          "private": "bnVsbA==",
          "dependencies": [
            "module.s3.aws_s3_bucket.GradientFlowai-parquet-files2"
          ]
        }
      ]
    }
  ],
  "check_results": null
}
