{
  "version": 4,
  "terraform_version": "1.4.2",
  "serial": 121,
  "lineage": "05bea257-d9e1-8245-e83a-abdf549331f7",
  "outputs": {},
  "resources": [
    {
      "module": "module.members",
      "mode": "managed",
      "type": "github_membership",
      "name": "membership_for_aj",
      "provider": "provider[\"registry.terraform.io/integrations/github\"]",
      "instances": [
        {
          "schema_version": 0,
          "attributes": {
            "etag": "W/\"038b2c92ef7d57eeb5bb25fb61f99d068c1eb6694942a1f600afee1d3ae55783\"",
            "id": "GradientFlow-ai:antoniojcaporicci",
            "role": "member",
            "username": "antoniojcaporicci"
          },
          "sensitive_attributes": [],
          "private": "bnVsbA=="
        }
      ]
    },
    {
      "module": "module.members",
      "mode": "managed",
      "type": "github_membership",
      "name": "membership_for_christie",
      "provider": "provider[\"registry.terraform.io/integrations/github\"]",
      "instances": [
        {
          "schema_version": 0,
          "attributes": {
            "etag": "W/\"06228213ee247f183c018a6052c1b905af749b16e6dac8fbd110332ec914e752\"",
            "id": "GradientFlow-ai:aretoodeetoo",
            "role": "member",
            "username": "aretoodeetoo"
          },
          "sensitive_attributes": [],
          "private": "bnVsbA=="
        }
      ]
    },
    {
      "module": "module.members",
      "mode": "managed",
      "type": "github_membership",
      "name": "membership_for_tim",
      "provider": "provider[\"registry.terraform.io/integrations/github\"]",
      "instances": [
        {
          "schema_version": 0,
          "attributes": {
            "etag": "W/\"fc79b9b4d0a6cd80240202998e5abcf6b40e62aea8bcdf8c2485dbb537abfda0\"",
            "id": "GradientFlow-ai:coyotespike",
            "role": "admin",
            "username": "coyotespike"
          },
          "sensitive_attributes": [],
          "private": "bnVsbA=="
        }
      ]
    },
    {
      "module": "module.repos",
      "mode": "managed",
      "type": "github_branch_protection",
      "name": "eaas",
      "provider": "provider[\"registry.terraform.io/integrations/github\"]",
      "instances": [
        {
          "schema_version": 1,
          "attributes": {
            "allows_deletions": false,
            "allows_force_pushes": false,
            "blocks_creations": false,
            "enforce_admins": true,
            "id": "BPR_kwDOI7EyTc4CIwZR",
            "lock_branch": false,
            "pattern": "main",
            "push_restrictions": [],
            "repository_id": "eaas",
            "require_conversation_resolution": false,
            "require_signed_commits": false,
            "required_linear_history": false,
            "required_pull_request_reviews": [
              {
                "dismiss_stale_reviews": true,
                "dismissal_restrictions": [],
                "pull_request_bypassers": [
                  "/coyotespike"
                ],
                "require_code_owner_reviews": false,
                "require_last_push_approval": false,
                "required_approving_review_count": 1,
                "restrict_dismissals": false
              }
            ],
            "required_status_checks": []
          },
          "sensitive_attributes": [],
          "private": "eyJzY2hlbWFfdmVyc2lvbiI6IjEifQ==",
          "dependencies": [
            "module.repos.github_repository.eaas"
          ]
        }
      ]
    },
    {
      "module": "module.repos",
      "mode": "managed",
      "type": "github_branch_protection",
      "name": "embeddings_api",
      "provider": "provider[\"registry.terraform.io/integrations/github\"]",
      "instances": [
        {
          "schema_version": 1,
          "attributes": {
            "allows_deletions": false,
            "allows_force_pushes": false,
            "blocks_creations": false,
            "enforce_admins": true,
            "id": "BPR_kwDOI-ZWE84CIwg4",
            "lock_branch": false,
            "pattern": "main",
            "push_restrictions": [],
            "repository_id": "embeddings_api",
            "require_conversation_resolution": false,
            "require_signed_commits": false,
            "required_linear_history": false,
            "required_pull_request_reviews": [
              {
                "dismiss_stale_reviews": true,
                "dismissal_restrictions": [],
                "pull_request_bypassers": [
                  "/coyotespike"
                ],
                "require_code_owner_reviews": false,
                "require_last_push_approval": false,
                "required_approving_review_count": 1,
                "restrict_dismissals": false
              }
            ],
            "required_status_checks": []
          },
          "sensitive_attributes": [],
          "private": "eyJzY2hlbWFfdmVyc2lvbiI6IjEifQ==",
          "dependencies": [
            "module.repos.github_repository.embeddings_api"
          ]
        }
      ]
    },
    {
      "module": "module.repos",
      "mode": "managed",
      "type": "github_branch_protection",
      "name": "fast-api-ocean",
      "provider": "provider[\"registry.terraform.io/integrations/github\"]",
      "instances": [
        {
          "schema_version": 1,
          "attributes": {
            "allows_deletions": false,
            "allows_force_pushes": false,
            "blocks_creations": false,
            "enforce_admins": true,
            "id": "BPR_kwDOI96H_s4CIwg3",
            "lock_branch": false,
            "pattern": "main",
            "push_restrictions": [],
            "repository_id": "fast-api-ocean",
            "require_conversation_resolution": false,
            "require_signed_commits": false,
            "required_linear_history": false,
            "required_pull_request_reviews": [
              {
                "dismiss_stale_reviews": true,
                "dismissal_restrictions": [],
                "pull_request_bypassers": [
                  "/coyotespike"
                ],
                "require_code_owner_reviews": false,
                "require_last_push_approval": false,
                "required_approving_review_count": 1,
                "restrict_dismissals": false
              }
            ],
            "required_status_checks": []
          },
          "sensitive_attributes": [],
          "private": "eyJzY2hlbWFfdmVyc2lvbiI6IjEifQ==",
          "dependencies": [
            "module.repos.github_repository.fast-api-ocean"
          ]
        }
      ]
    },
    {
      "module": "module.repos",
      "mode": "managed",
      "type": "github_branch_protection",
      "name": "terraform",
      "provider": "provider[\"registry.terraform.io/integrations/github\"]",
      "instances": [
        {
          "schema_version": 1,
          "attributes": {
            "allows_deletions": false,
            "allows_force_pushes": false,
            "blocks_creations": false,
            "enforce_admins": true,
            "id": "BPR_kwDOJOQLq84CIuzn",
            "lock_branch": false,
            "pattern": "main",
            "push_restrictions": [],
            "repository_id": "terraform",
            "require_conversation_resolution": false,
            "require_signed_commits": false,
            "required_linear_history": false,
            "required_pull_request_reviews": [
              {
                "dismiss_stale_reviews": true,
                "dismissal_restrictions": [],
                "pull_request_bypassers": [
                  "/coyotespike"
                ],
                "require_code_owner_reviews": false,
                "require_last_push_approval": false,
                "required_approving_review_count": 1,
                "restrict_dismissals": false
              }
            ],
            "required_status_checks": [
              {
                "contexts": [
                  "Check file formatting",
                  "Validate terraform"
                ],
                "strict": false
              }
            ]
          },
          "sensitive_attributes": [],
          "private": "eyJzY2hlbWFfdmVyc2lvbiI6IjEifQ==",
          "dependencies": [
            "module.repos.github_repository.terraform"
          ]
        }
      ]
    },
    {
      "module": "module.repos",
      "mode": "managed",
      "type": "github_repository",
      "name": "eaas",
      "provider": "provider[\"registry.terraform.io/integrations/github\"]",
      "instances": [
        {
          "schema_version": 1,
          "attributes": {
            "allow_auto_merge": false,
            "allow_merge_commit": true,
            "allow_rebase_merge": false,
            "allow_squash_merge": false,
            "allow_update_branch": false,
            "archive_on_destroy": null,
            "archived": false,
            "auto_init": false,
            "default_branch": "main",
            "delete_branch_on_merge": false,
            "description": "NextJS-based frontend",
            "etag": "W/\"5ac15b346f05f40f04610638bb08392872a8a10ffa2cb798d776086008bee8cd\"",
            "full_name": "GradientFlow-ai/eaas",
            "git_clone_url": "git://github.com/GradientFlow-ai/eaas.git",
            "gitignore_template": null,
            "has_discussions": false,
            "has_downloads": false,
            "has_issues": true,
            "has_projects": true,
            "has_wiki": true,
            "homepage_url": "",
            "html_url": "https://github.com/GradientFlow-ai/eaas",
            "http_clone_url": "https://github.com/GradientFlow-ai/eaas.git",
            "id": "eaas",
            "ignore_vulnerability_alerts_during_read": null,
            "is_template": false,
            "license_template": null,
            "merge_commit_message": "PR_TITLE",
            "merge_commit_title": "MERGE_MESSAGE",
            "name": "eaas",
            "node_id": "R_kgDOI7EyTQ",
            "pages": [],
            "private": false,
            "repo_id": 598815309,
            "security_and_analysis": [
              {
                "advanced_security": [],
                "secret_scanning": [
                  {
                    "status": "disabled"
                  }
                ],
                "secret_scanning_push_protection": [
                  {
                    "status": "disabled"
                  }
                ]
              }
            ],
            "squash_merge_commit_message": "COMMIT_MESSAGES",
            "squash_merge_commit_title": "COMMIT_OR_PR_TITLE",
            "ssh_clone_url": "git@github.com:GradientFlow-ai/eaas.git",
            "svn_url": "https://github.com/GradientFlow-ai/eaas",
            "template": [],
            "topics": [
              "embeddings",
              "nextjs",
              "vercel"
            ],
            "visibility": "public",
            "vulnerability_alerts": false
          },
          "sensitive_attributes": [],
          "private": "eyJzY2hlbWFfdmVyc2lvbiI6IjEifQ=="
        }
      ]
    },
    {
      "module": "module.repos",
      "mode": "managed",
      "type": "github_repository",
      "name": "embeddings_api",
      "provider": "provider[\"registry.terraform.io/integrations/github\"]",
      "instances": [
        {
          "schema_version": 1,
          "attributes": {
            "allow_auto_merge": false,
            "allow_merge_commit": true,
            "allow_rebase_merge": false,
            "allow_squash_merge": false,
            "allow_update_branch": false,
            "archive_on_destroy": null,
            "archived": false,
            "auto_init": false,
            "default_branch": "main",
            "delete_branch_on_merge": false,
            "description": "Docker-based visualizations api running on DigitalOcean",
            "etag": "W/\"4526e91a2174fb073defa56bec67dbd6b10aab715d88b398ccb7a354141044c2\"",
            "full_name": "GradientFlow-ai/embeddings_api",
            "git_clone_url": "git://github.com/GradientFlow-ai/embeddings_api.git",
            "gitignore_template": null,
            "has_discussions": false,
            "has_downloads": false,
            "has_issues": true,
            "has_projects": true,
            "has_wiki": false,
            "homepage_url": "",
            "html_url": "https://github.com/GradientFlow-ai/embeddings_api",
            "http_clone_url": "https://github.com/GradientFlow-ai/embeddings_api.git",
            "id": "embeddings_api",
            "ignore_vulnerability_alerts_during_read": null,
            "is_template": false,
            "license_template": null,
            "merge_commit_message": "PR_TITLE",
            "merge_commit_title": "MERGE_MESSAGE",
            "name": "embeddings_api",
            "node_id": "R_kgDOI-ZWEw",
            "pages": [],
            "private": false,
            "repo_id": 602297875,
            "security_and_analysis": [
              {
                "advanced_security": [],
                "secret_scanning": [
                  {
                    "status": "disabled"
                  }
                ],
                "secret_scanning_push_protection": [
                  {
                    "status": "disabled"
                  }
                ]
              }
            ],
            "squash_merge_commit_message": "COMMIT_MESSAGES",
            "squash_merge_commit_title": "COMMIT_OR_PR_TITLE",
            "ssh_clone_url": "git@github.com:GradientFlow-ai/embeddings_api.git",
            "svn_url": "https://github.com/GradientFlow-ai/embeddings_api",
            "template": [],
            "topics": [
              "digitalocean",
              "embeddings",
              "visualizations"
            ],
            "visibility": "public",
            "vulnerability_alerts": false
          },
          "sensitive_attributes": [],
          "private": "eyJzY2hlbWFfdmVyc2lvbiI6IjEifQ=="
        }
      ]
    },
    {
      "module": "module.repos",
      "mode": "managed",
      "type": "github_repository",
      "name": "fast-api-ocean",
      "provider": "provider[\"registry.terraform.io/integrations/github\"]",
      "instances": [
        {
          "schema_version": 1,
          "attributes": {
            "allow_auto_merge": false,
            "allow_merge_commit": true,
            "allow_rebase_merge": false,
            "allow_squash_merge": false,
            "allow_update_branch": false,
            "archive_on_destroy": null,
            "archived": false,
            "auto_init": false,
            "default_branch": "main",
            "delete_branch_on_merge": false,
            "description": "Docker-based visualizations api running on DigitalOcean",
            "etag": "W/\"c30327fc8a8ea764be7bd0b4072ecbdbf93e35caf27f4d2f8cd932204d21de12\"",
            "full_name": "GradientFlow-ai/fast-api-ocean",
            "git_clone_url": "git://github.com/GradientFlow-ai/fast-api-ocean.git",
            "gitignore_template": null,
            "has_discussions": false,
            "has_downloads": false,
            "has_issues": true,
            "has_projects": true,
            "has_wiki": false,
            "homepage_url": "",
            "html_url": "https://github.com/GradientFlow-ai/fast-api-ocean",
            "http_clone_url": "https://github.com/GradientFlow-ai/fast-api-ocean.git",
            "id": "fast-api-ocean",
            "ignore_vulnerability_alerts_during_read": null,
            "is_template": false,
            "license_template": null,
            "merge_commit_message": "PR_TITLE",
            "merge_commit_title": "MERGE_MESSAGE",
            "name": "fast-api-ocean",
            "node_id": "R_kgDOI96H_g",
            "pages": [],
            "private": false,
            "repo_id": 601786366,
            "security_and_analysis": [
              {
                "advanced_security": [],
                "secret_scanning": [
                  {
                    "status": "disabled"
                  }
                ],
                "secret_scanning_push_protection": [
                  {
                    "status": "disabled"
                  }
                ]
              }
            ],
            "squash_merge_commit_message": "COMMIT_MESSAGES",
            "squash_merge_commit_title": "COMMIT_OR_PR_TITLE",
            "ssh_clone_url": "git@github.com:GradientFlow-ai/fast-api-ocean.git",
            "svn_url": "https://github.com/GradientFlow-ai/fast-api-ocean",
            "template": [],
            "topics": [
              "digitalocean",
              "embeddings",
              "visualizations"
            ],
            "visibility": "public",
            "vulnerability_alerts": false
          },
          "sensitive_attributes": [],
          "private": "eyJzY2hlbWFfdmVyc2lvbiI6IjEifQ=="
        }
      ]
    },
    {
      "module": "module.repos",
      "mode": "managed",
      "type": "github_repository",
      "name": "terraform",
      "provider": "provider[\"registry.terraform.io/integrations/github\"]",
      "instances": [
        {
          "schema_version": 1,
          "attributes": {
            "allow_auto_merge": false,
            "allow_merge_commit": true,
            "allow_rebase_merge": false,
            "allow_squash_merge": false,
            "allow_update_branch": false,
            "archive_on_destroy": null,
            "archived": false,
            "auto_init": false,
            "default_branch": "main",
            "delete_branch_on_merge": false,
            "description": "IaC for GradientFlow",
            "etag": "W/\"881bd4af5217341c930e5a955bc8066f2da05cd2ffbf8102efc2de2aefb5317d\"",
            "full_name": "GradientFlow-ai/terraform",
            "git_clone_url": "git://github.com/GradientFlow-ai/terraform.git",
            "gitignore_template": "Terraform",
            "has_discussions": false,
            "has_downloads": false,
            "has_issues": true,
            "has_projects": true,
            "has_wiki": false,
            "homepage_url": "",
            "html_url": "https://github.com/GradientFlow-ai/terraform",
            "http_clone_url": "https://github.com/GradientFlow-ai/terraform.git",
            "id": "terraform",
            "ignore_vulnerability_alerts_during_read": null,
            "is_template": false,
            "license_template": "mit",
            "merge_commit_message": "PR_TITLE",
            "merge_commit_title": "MERGE_MESSAGE",
            "name": "terraform",
            "node_id": "R_kgDOJOQLqw",
            "pages": [],
            "private": false,
            "repo_id": 618924971,
            "security_and_analysis": [
              {
                "advanced_security": [],
                "secret_scanning": [
                  {
                    "status": "disabled"
                  }
                ],
                "secret_scanning_push_protection": [
                  {
                    "status": "disabled"
                  }
                ]
              }
            ],
            "squash_merge_commit_message": "COMMIT_MESSAGES",
            "squash_merge_commit_title": "COMMIT_OR_PR_TITLE",
            "ssh_clone_url": "git@github.com:GradientFlow-ai/terraform.git",
            "svn_url": "https://github.com/GradientFlow-ai/terraform",
            "template": [],
            "topics": [
              "embeddings",
              "iac",
              "terraform"
            ],
            "visibility": "public",
            "vulnerability_alerts": false
          },
          "sensitive_attributes": [],
          "private": "eyJzY2hlbWFfdmVyc2lvbiI6IjEifQ=="
        }
      ]
    },
    {
      "module": "module.roles",
      "mode": "managed",
      "type": "aws_iam_role",
      "name": "s3",
      "provider": "provider[\"registry.terraform.io/hashicorp/aws\"]",
      "instances": [
        {
          "schema_version": 0,
          "attributes": {
            "arn": "arn:aws:iam::207932680283:role/s3_gh_role",
            "assume_role_policy": "{\"Statement\":[{\"Action\":\"sts:AssumeRole\",\"Effect\":\"Allow\",\"Principal\":{\"AWS\":\"arn:aws:iam::207932680283:root\"}}],\"Version\":\"2012-10-17\"}",
            "create_date": "2023-03-31T02:50:14Z",
            "description": "",
            "force_detach_policies": false,
            "id": "s3_gh_role",
            "inline_policy": [],
            "managed_policy_arns": [],
            "max_session_duration": 3600,
            "name": "s3_gh_role",
            "name_prefix": "",
            "path": "/",
            "permissions_boundary": null,
            "tags": null,
            "tags_all": {},
            "unique_id": "AROATA2OA5BNV34DI4ELE"
          },
          "sensitive_attributes": [],
          "private": "bnVsbA=="
        }
      ]
    },
    {
      "module": "module.roles",
      "mode": "managed",
      "type": "aws_iam_role_policy",
      "name": "s3",
      "provider": "provider[\"registry.terraform.io/hashicorp/aws\"]",
      "instances": [
        {
          "schema_version": 0,
          "attributes": {
            "id": "s3_gh_role:s3_gh_policy",
            "name": "s3_gh_policy",
            "name_prefix": null,
            "policy": "{\"Version\":\"2012-10-17\",\"Statement\":[{\"Action\":[\"s3:*\"],\"Effect\":\"Allow\",\"Resource\":\"*\"}]}",
            "role": "s3_gh_role"
          },
          "sensitive_attributes": [],
          "private": "bnVsbA==",
          "dependencies": [
            "module.roles.aws_iam_role.s3"
          ]
        }
      ]
    },
    {
      "module": "module.s3",
      "mode": "managed",
      "type": "aws_s3_bucket",
      "name": "GradientFlowai-parquet-files2",
      "provider": "provider[\"registry.terraform.io/hashicorp/aws\"]",
      "instances": [
        {
          "schema_version": 0,
          "attributes": {
            "acceleration_status": "",
            "acl": null,
            "arn": "arn:aws:s3:::gradientflow-parquet-files",
            "bucket": "gradientflow-parquet-files",
            "bucket_domain_name": "gradientflow-parquet-files.s3.amazonaws.com",
            "bucket_prefix": null,
            "bucket_regional_domain_name": "gradientflow-parquet-files.s3.us-west-1.amazonaws.com",
            "cors_rule": [],
            "force_destroy": false,
            "grant": [
              {
                "id": "",
                "permissions": [
                  "READ"
                ],
                "type": "Group",
                "uri": "http://acs.amazonaws.com/groups/global/AllUsers"
              },
              {
                "id": "cdf04fefee8fe8b3f3ee29a6e6fae4e8712b32c3882435140df1a45bcc1e6dab",
                "permissions": [
                  "FULL_CONTROL"
                ],
                "type": "CanonicalUser",
                "uri": ""
              }
            ],
            "hosted_zone_id": "Z2F56UZL2M1ACD",
            "id": "gradientflow-parquet-files",
            "lifecycle_rule": [],
            "logging": [],
            "object_lock_configuration": [],
            "object_lock_enabled": false,
            "policy": "",
            "region": "us-west-1",
            "replication_configuration": [],
            "request_payer": "BucketOwner",
            "server_side_encryption_configuration": [
              {
                "rule": [
                  {
                    "apply_server_side_encryption_by_default": [
                      {
                        "kms_master_key_id": "",
                        "sse_algorithm": "AES256"
                      }
                    ],
                    "bucket_key_enabled": false
                  }
                ]
              }
            ],
            "tags": {},
            "tags_all": {},
            "timeouts": null,
            "versioning": [
              {
                "enabled": true,
                "mfa_delete": false
              }
            ],
            "website": [],
            "website_domain": null,
            "website_endpoint": null
          },
          "sensitive_attributes": [],
          "private": "eyJlMmJmYjczMC1lY2FhLTExZTYtOGY4OC0zNDM2M2JjN2M0YzAiOnsiY3JlYXRlIjoxMjAwMDAwMDAwMDAwLCJkZWxldGUiOjM2MDAwMDAwMDAwMDAsInJlYWQiOjEyMDAwMDAwMDAwMDAsInVwZGF0ZSI6MTIwMDAwMDAwMDAwMH19"
        }
      ]
    },
    {
      "module": "module.s3",
      "mode": "managed",
      "type": "aws_s3_bucket_acl",
      "name": "parquet-acl",
      "provider": "provider[\"registry.terraform.io/hashicorp/aws\"]",
      "instances": [
        {
          "schema_version": 0,
          "attributes": {
            "access_control_policy": [
              {
                "grant": [
                  {
                    "grantee": [
                      {
                        "display_name": "",
                        "email_address": "",
                        "id": "",
                        "type": "Group",
                        "uri": "http://acs.amazonaws.com/groups/global/AllUsers"
                      }
                    ],
                    "permission": "READ"
                  },
                  {
                    "grantee": [
                      {
                        "display_name": "timothyroy",
                        "email_address": "",
                        "id": "cdf04fefee8fe8b3f3ee29a6e6fae4e8712b32c3882435140df1a45bcc1e6dab",
                        "type": "CanonicalUser",
                        "uri": ""
                      }
                    ],
                    "permission": "FULL_CONTROL"
                  }
                ],
                "owner": [
                  {
                    "display_name": "timothyroy",
                    "id": "cdf04fefee8fe8b3f3ee29a6e6fae4e8712b32c3882435140df1a45bcc1e6dab"
                  }
                ]
              }
            ],
            "acl": "public-read",
            "bucket": "gradientflow-parquet-files",
            "expected_bucket_owner": "",
            "id": "gradientflow-parquet-files,public-read"
          },
          "sensitive_attributes": [],
          "private": "bnVsbA==",
          "dependencies": [
            "module.s3.aws_s3_bucket.GradientFlowai-parquet-files2"
          ]
        }
      ]
    },
    {
      "module": "module.s3",
      "mode": "managed",
      "type": "aws_s3_bucket_versioning",
      "name": "versioning_parquet_files",
      "provider": "provider[\"registry.terraform.io/hashicorp/aws\"]",
      "instances": [
        {
          "schema_version": 0,
          "attributes": {
            "bucket": "gradientflow-parquet-files",
            "expected_bucket_owner": "",
            "id": "gradientflow-parquet-files",
            "mfa": null,
            "versioning_configuration": [
              {
                "mfa_delete": "",
                "status": "Enabled"
              }
            ]
          },
          "sensitive_attributes": [],
          "private": "bnVsbA==",
          "dependencies": [
            "module.s3.aws_s3_bucket.GradientFlowai-parquet-files2"
          ]
        }
      ]
    }
  ],
  "check_results": null
}
